
Microsoft Visual Studio Solution File, Format Version 12.00
# Visual Studio Version 17
VisualStudioVersion = 17.14.36301.6
MinimumVisualStudioVersion = 10.0.40219.1
Project("{FAE04EC0-301F-11D3-BF4B-00C04F79EFBC}") = "AboutMe", "AboutMe\AboutMe.csproj", "{DC8047FB-64F6-49E2-A2E7-DF894B72E18B}"
EndProject
Global
	GlobalSection(SolutionConfigurationPlatforms) = preSolution
		Debug|Any CPU = Debug|Any CPU
		Release|Any CPU = Release|Any CPU
	EndGlobalSection
	GlobalSection(ProjectConfigurationPlatforms) = postSolution
		{DC8047FB-64F6-49E2-A2E7-DF894B72E18B}.Debug|Any CPU.ActiveCfg = Debug|Any CPU
		{DC8047FB-64F6-49E2-A2E7-DF894B72E18B}.Debug|Any CPU.Build.0 = Debug|Any CPU
		{DC8047FB-64F6-49E2-A2E7-DF894B72E18B}.Release|Any CPU.ActiveCfg = Release|Any CPU
		{DC8047FB-64F6-49E2-A2E7-DF894B72E18B}.Release|Any CPU.Build.0 = Release|Any CPU
	EndGlobalSection
	GlobalSection(SolutionProperties) = preSolution
		HideSolutionNode = FALSE
	EndGlobalSection
	GlobalSection(ExtensibilityGlobals) = postSolution
		SolutionGuid = {5F109133-41D3-4B1A-AE07-3FCBDA0CFE9C}
	EndGlobalSection
EndGlobal
